

Microsoft Visual Studio Solution File, Format Version 12.00
# Visual Studio Version 17
VisualStudioVersion = 17.5.2.0
MinimumVisualStudioVersion = 10.0.40219.1
Project("{FAE04EC0-301F-11D3-BF4B-00C04F79EFBC}") = "TABP.Application", "TABP.Application\TABP.Application.csproj", "{ED6094B9-F988-7C51-A430-601BC064B9CE}"
EndProject
Global
	GlobalSection(SolutionConfigurationPlatforms) = preSolution
		Debug|Any CPU = Debug|Any CPU
		Release|Any CPU = Release|Any CPU
	EndGlobalSection
	GlobalSection(ProjectConfigurationPlatforms) = postSolution
		{ED6094B9-F988-7C51-A430-601BC064B9CE}.Debug|Any CPU.ActiveCfg = Debug|Any CPU
		{ED6094B9-F988-7C51-A430-601BC064B9CE}.Debug|Any CPU.Build.0 = Debug|Any CPU
		{ED6094B9-F988-7C51-A430-601BC064B9CE}.Release|Any CPU.ActiveCfg = Release|Any CPU
		{ED6094B9-F988-7C51-A430-601BC064B9CE}.Release|Any CPU.Build.0 = Release|Any CPU
	EndGlobalSection
	GlobalSection(SolutionProperties) = preSolution
		HideSolutionNode = FALSE
	EndGlobalSection
	GlobalSection(ExtensibilityGlobals) = postSolution
		SolutionGuid = {A8F19638-C148-4A2B-81EA-BF25E3B5744C}
	EndGlobalSection
EndGlobal
